{
  "name": "mutexify",
  "version": "1.0.0",
  "lockfileVersion": 2,
  "requires": true,
  "packages": {
    "": {
      "name": "mutexify",
      "version": "1.0.0",
      "dependencies": {
        "mutexify": "^1.4.0"
      }
    },
    "node_modules/mutexify": {
      "version": "1.4.0",
      "resolved": "https://registry.npmjs.org/mutexify/-/mutexify-1.4.0.tgz",
      "integrity": "sha512-pbYSsOrSB/AKN5h/WzzLRMFgZhClWccf2XIB4RSMC8JbquiB0e0/SH5AIfdQMdyHmYtv4seU7yV/TvAwPLJ1Yg==",
      "dependencies": {
        "queue-tick": "^1.0.0"
      }
    },
    "node_modules/queue-tick": {
      "version": "1.0.0",
      "resolved": "https://registry.npmjs.org/queue-tick/-/queue-tick-1.0.0.tgz",
      "integrity": "sha512-ULWhjjE8BmiICGn3G8+1L9wFpERNxkf8ysxkAer4+TFdRefDaXOCV5m92aMB9FtBVmn/8sETXLXY6BfW7hyaWQ=="
    }
  },
  "dependencies": {
    "mutexify": {
      "version": "1.4.0",
      "resolved": "https://registry.npmjs.org/mutexify/-/mutexify-1.4.0.tgz",
      "integrity": "sha512-pbYSsOrSB/AKN5h/WzzLRMFgZhClWccf2XIB4RSMC8JbquiB0e0/SH5AIfdQMdyHmYtv4seU7yV/TvAwPLJ1Yg==",
      "requires": {
        "queue-tick": "^1.0.0"
      }
    },
    "queue-tick": {
      "version": "1.0.0",
      "resolved": "https://registry.npmjs.org/queue-tick/-/queue-tick-1.0.0.tgz",
      "integrity": "sha512-ULWhjjE8BmiICGn3G8+1L9wFpERNxkf8ysxkAer4+TFdRefDaXOCV5m92aMB9FtBVmn/8sETXLXY6BfW7hyaWQ=="
    }
  }
}
